
Microsoft Visual Studio Solution File, Format Version 12.00
# Visual Studio Version 17
VisualStudioVersion = 17.7.34031.279
MinimumVisualStudioVersion = 10.0.40219.1
Project("{FAE04EC0-301F-11D3-BF4B-00C04F79EFBC}") = "PizzaPlanet", "PizzaPlanet\PizzaPlanet.csproj", "{5B943688-32F9-4BF7-A2FD-F48464100814}"
EndProject
Global
	GlobalSection(SolutionConfigurationPlatforms) = preSolution
		Debug|Any CPU = Debug|Any CPU
		Release|Any CPU = Release|Any CPU
	EndGlobalSection
	GlobalSection(ProjectConfigurationPlatforms) = postSolution
		{5B943688-32F9-4BF7-A2FD-F48464100814}.Debug|Any CPU.ActiveCfg = Debug|Any CPU
		{5B943688-32F9-4BF7-A2FD-F48464100814}.Debug|Any CPU.Build.0 = Debug|Any CPU
		{5B943688-32F9-4BF7-A2FD-F48464100814}.Release|Any CPU.ActiveCfg = Release|Any CPU
		{5B943688-32F9-4BF7-A2FD-F48464100814}.Release|Any CPU.Build.0 = Release|Any CPU
	EndGlobalSection
	GlobalSection(SolutionProperties) = preSolution
		HideSolutionNode = FALSE
	EndGlobalSection
	GlobalSection(ExtensibilityGlobals) = postSolution
		SolutionGuid = {1AE72F37-2E1E-4FA9-846B-CAF9851B3945}
	EndGlobalSection
EndGlobal
